# This file is autogenerated, do not edit; changes may be undone by the next 'dep ensure'.


[[projects]]
  name = "github.com/fatih/structs"
  packages = ["."]
  revision = "a720dfa8df582c51dee1b36feabb906bde1588bd"
  version = "v1.0"

[[projects]]
  name = "github.com/shopspring/decimal"
  packages = ["."]
  revision = "9ca7f5"

[[projects]]
  name = "github.com/spf13/pflag"
  packages = ["."]
  revision = "4c012f"

[solve-meta]
  analyzer-name = "dep"
  analyzer-version = 1
  inputs-digest = "eb3ff6414f069741e734eec10194310cce026bae92393599a1aad6244a96db7e"
  solver-name = "gps-cdcl"
  solver-version = 1
